{
  "name": "knowage",
  "version": "6.0.0",
  "lockfileVersion": 1,
  "requires": true,
  "dependencies": {
    "angular": {
      "version": "1.5.1",
      "resolved": "https://registry.npmjs.org/angular/-/angular-1.5.1.tgz",
      "integrity": "sha1-E11ch+F9+zGhb6GMHJ7qM3qdaWk="
    },
    "angular-animate": {
      "version": "1.5.1",
      "resolved": "https://registry.npmjs.org/angular-animate/-/angular-animate-1.5.1.tgz",
      "integrity": "sha1-4rOdmkO2YOiRMQHkhMRuQXODccA="
    },
    "angular-aria": {
      "version": "1.5.1",
      "resolved": "https://registry.npmjs.org/angular-aria/-/angular-aria-1.5.1.tgz",
      "integrity": "sha1-VEyjUWhLRhNcoHOO5vQapmJnKyg="
    },
    "angular-cookies": {
      "version": "1.4.5",
      "resolved": "https://registry.npmjs.org/angular-cookies/-/angular-cookies-1.4.5.tgz",
      "integrity": "sha1-qJYRZxOhy2zloc5VKQZmlU9FcKQ="
    },
    "angular-material": {
      "version": "1.1.4",
      "resolved": "https://registry.npmjs.org/angular-material/-/angular-material-1.1.4.tgz",
      "integrity": "sha1-J941ZG9UzNMgCArwxwjhtDivh/Y="
    },
    "angular-messages": {
      "version": "1.5.1",
      "resolved": "https://registry.npmjs.org/angular-messages/-/angular-messages-1.5.1.tgz",
      "integrity": "sha1-TWVqTlcULvtB14Gf78cJxffhiLQ="
    },
    "angular-sanitize": {
      "version": "1.5.1",
      "resolved": "https://registry.npmjs.org/angular-sanitize/-/angular-sanitize-1.5.1.tgz",
      "integrity": "sha1-ujdubKuy/9bE7S3TMzuWVyYAydo="
    },
    "angular-ui-codemirror": {
      "version": "0.3.0",
      "resolved": "https://registry.npmjs.org/angular-ui-codemirror/-/angular-ui-codemirror-0.3.0.tgz",
      "integrity": "sha1-5ChvxQ85PypuaXwb8xcEJOEsu2A="
    },
    "codemirror": {
      "version": "5.32.0",
      "resolved": "https://registry.npmjs.org/codemirror/-/codemirror-5.32.0.tgz",
      "integrity": "sha512-95OxAlYiigW0g4n4ixFdavG07clJGILp3MvHh2pKR3FvyrTuHHvqtKSVbrV3/Jz6o0YqGvyCDLDTbH4h6ciaSw=="
    },
    "font-awesome": {
      "version": "4.7.0",
      "resolved": "https://registry.npmjs.org/font-awesome/-/font-awesome-4.7.0.tgz",
      "integrity": "sha1-j6jPBBGhoxr9B7BtKQK7n8gVoTM="
    },
    "ieee754": {
      "version": "1.1.8",
      "resolved": "https://registry.npmjs.org/ieee754/-/ieee754-1.1.8.tgz",
      "integrity": "sha1-vjPUCsEO8ZJnAfbwii2G+/0a0+Q="
    },
    "jsonformatter": {
      "version": "0.6.0",
      "resolved": "https://registry.npmjs.org/jsonformatter/-/jsonformatter-0.6.0.tgz",
      "integrity": "sha1-rQHWU4rr9327LFQxPIJX57QIzFM="
    },
    "ngdraggable": {
      "version": "0.1.10",
      "resolved": "https://registry.npmjs.org/ngdraggable/-/ngdraggable-0.1.10.tgz",
      "integrity": "sha1-jTiD5jWr8jjo1absR5jxHQ2XMRQ="
    },
    "ol": {
      "version": "4.6.4",
      "resolved": "https://registry.npmjs.org/ol/-/ol-4.6.4.tgz",
      "integrity": "sha512-9Eo0auMLU7dyCbMFfNKbyVqWH0JrfyLGrP9/jywisdGX/cqjFKtgiENFGr8wZAUzkVDNWdnKcrrIZsLMbnd68Q==",
      "requires": {
        "pbf": "3.1.0",
        "pixelworks": "1.1.0",
        "rbush": "2.0.1"
      }
    },
    "pbf": {
      "version": "3.1.0",
      "resolved": "https://registry.npmjs.org/pbf/-/pbf-3.1.0.tgz",
      "integrity": "sha512-/hYJmIsTmh7fMkHAWWXJ5b8IKLWdjdlAFb3IHkRBn1XUhIYBChVGfVwmHEAV3UfXTxsP/AKfYTXTS/dCPxJd5w==",
      "requires": {
        "ieee754": "1.1.8",
        "resolve-protobuf-schema": "2.0.0"
      }
    },
    "pixelworks": {
      "version": "1.1.0",
      "resolved": "https://registry.npmjs.org/pixelworks/-/pixelworks-1.1.0.tgz",
      "integrity": "sha1-Hwla1I3Ki/ihyCWOAJIDGkTyLKU="
    },
    "protocol-buffers-schema": {
      "version": "2.2.0",
      "resolved": "https://registry.npmjs.org/protocol-buffers-schema/-/protocol-buffers-schema-2.2.0.tgz",
      "integrity": "sha1-0pxs1z+2VZePtpiWkRgNuEQRn2E="
    },
    "quickselect": {
      "version": "1.0.1",
      "resolved": "https://registry.npmjs.org/quickselect/-/quickselect-1.0.1.tgz",
      "integrity": "sha512-Jt30UQSzTbxf6L2bFTMabHtGtYUzQcvOY0a+s5brm8tzndV/XWifBIH9v5QKtH5gGCZ5RRDwRhdhGMDVHAEGNQ=="
    },
    "rbush": {
      "version": "2.0.1",
      "resolved": "https://registry.npmjs.org/rbush/-/rbush-2.0.1.tgz",
      "integrity": "sha1-TPrKKMMGS8DudUMaG3mZDode76k=",
      "requires": {
        "quickselect": "1.0.1"
      }
    },
    "resolve-protobuf-schema": {
      "version": "2.0.0",
      "resolved": "https://registry.npmjs.org/resolve-protobuf-schema/-/resolve-protobuf-schema-2.0.0.tgz",
      "integrity": "sha1-5nsGKmfwLRG9aIbnDv2niEB+D7Q=",
      "requires": {
        "protocol-buffers-schema": "2.2.0"
      }
    }
  }
}
